
Microsoft Visual Studio Solution File, Format Version 12.00
# Visual Studio Version 17
VisualStudioVersion = 17.5.33516.290
MinimumVisualStudioVersion = 10.0.40219.1
Project("{FAE04EC0-301F-11D3-BF4B-00C04F79EFBC}") = "NLayer.Core", "NLayer.Core\NLayer.Core.csproj", "{E6356713-6E08-423B-8236-6A73F0C2056D}"
EndProject
Project("{FAE04EC0-301F-11D3-BF4B-00C04F79EFBC}") = "NLayer.Repository", "NLayer.Repository\NLayer.Repository.csproj", "{5A18EC19-0559-4F2F-AB44-DD96BF4B5265}"
EndProject
Project("{FAE04EC0-301F-11D3-BF4B-00C04F79EFBC}") = "NLayer.Service", "NLayer.Service\NLayer.Service.csproj", "{0C2E3D0E-566B-40EE-884E-481D79D240EA}"
EndProject
Project("{FAE04EC0-301F-11D3-BF4B-00C04F79EFBC}") = "NLayer.API", "NLayer.API\NLayer.API.csproj", "{8B5C33BE-3E69-4164-86FD-3770E88D3724}"
EndProject
Project("{FAE04EC0-301F-11D3-BF4B-00C04F79EFBC}") = "NLayer.Caching", "NLayer.Caching\NLayer.Caching.csproj", "{A783D571-0EDD-44B7-B0BB-C677954AE139}"
EndProject
Global
	GlobalSection(SolutionConfigurationPlatforms) = preSolution
		Debug|Any CPU = Debug|Any CPU
		Release|Any CPU = Release|Any CPU
	EndGlobalSection
	GlobalSection(ProjectConfigurationPlatforms) = postSolution
		{E6356713-6E08-423B-8236-6A73F0C2056D}.Debug|Any CPU.ActiveCfg = Debug|Any CPU
		{E6356713-6E08-423B-8236-6A73F0C2056D}.Debug|Any CPU.Build.0 = Debug|Any CPU
		{E6356713-6E08-423B-8236-6A73F0C2056D}.Release|Any CPU.ActiveCfg = Release|Any CPU
		{E6356713-6E08-423B-8236-6A73F0C2056D}.Release|Any CPU.Build.0 = Release|Any CPU
		{5A18EC19-0559-4F2F-AB44-DD96BF4B5265}.Debug|Any CPU.ActiveCfg = Debug|Any CPU
		{5A18EC19-0559-4F2F-AB44-DD96BF4B5265}.Debug|Any CPU.Build.0 = Debug|Any CPU
		{5A18EC19-0559-4F2F-AB44-DD96BF4B5265}.Release|Any CPU.ActiveCfg = Release|Any CPU
		{5A18EC19-0559-4F2F-AB44-DD96BF4B5265}.Release|Any CPU.Build.0 = Release|Any CPU
		{0C2E3D0E-566B-40EE-884E-481D79D240EA}.Debug|Any CPU.ActiveCfg = Debug|Any CPU
		{0C2E3D0E-566B-40EE-884E-481D79D240EA}.Debug|Any CPU.Build.0 = Debug|Any CPU
		{0C2E3D0E-566B-40EE-884E-481D79D240EA}.Release|Any CPU.ActiveCfg = Release|Any CPU
		{0C2E3D0E-566B-40EE-884E-481D79D240EA}.Release|Any CPU.Build.0 = Release|Any CPU
		{8B5C33BE-3E69-4164-86FD-3770E88D3724}.Debug|Any CPU.ActiveCfg = Debug|Any CPU
		{8B5C33BE-3E69-4164-86FD-3770E88D3724}.Debug|Any CPU.Build.0 = Debug|Any CPU
		{8B5C33BE-3E69-4164-86FD-3770E88D3724}.Release|Any CPU.ActiveCfg = Release|Any CPU
		{8B5C33BE-3E69-4164-86FD-3770E88D3724}.Release|Any CPU.Build.0 = Release|Any CPU
		{A783D571-0EDD-44B7-B0BB-C677954AE139}.Debug|Any CPU.ActiveCfg = Debug|Any CPU
		{A783D571-0EDD-44B7-B0BB-C677954AE139}.Debug|Any CPU.Build.0 = Debug|Any CPU
		{A783D571-0EDD-44B7-B0BB-C677954AE139}.Release|Any CPU.ActiveCfg = Release|Any CPU
		{A783D571-0EDD-44B7-B0BB-C677954AE139}.Release|Any CPU.Build.0 = Release|Any CPU
	EndGlobalSection
	GlobalSection(SolutionProperties) = preSolution
		HideSolutionNode = FALSE
	EndGlobalSection
	GlobalSection(ExtensibilityGlobals) = postSolution
		SolutionGuid = {39A77032-C10A-4AB7-9B63-65425656F2F0}
	EndGlobalSection
EndGlobal
